
Microsoft Visual Studio Solution File, Format Version 12.00
# Visual Studio Version 17
VisualStudioVersion = 17.2.32602.215
MinimumVisualStudioVersion = 10.0.40219.1
Project("{FAE04EC0-301F-11D3-BF4B-00C04F79EFBC}") = "GameFramework2D", "GameFramework2D\GameFramework2D.csproj", "{C2803183-5137-426B-B9FA-9602852CA421}"
EndProject
Project("{FAE04EC0-301F-11D3-BF4B-00C04F79EFBC}") = "GameFrameworkExample", "GameFrameworkExample\GameFrameworkExample.csproj", "{73C5AF51-141F-47F0-92EC-32C38ECE34CA}"
EndProject
Global
	GlobalSection(SolutionConfigurationPlatforms) = preSolution
		Debug|Any CPU = Debug|Any CPU
		Release|Any CPU = Release|Any CPU
	EndGlobalSection
	GlobalSection(ProjectConfigurationPlatforms) = postSolution
		{C2803183-5137-426B-B9FA-9602852CA421}.Debug|Any CPU.ActiveCfg = Debug|Any CPU
		{C2803183-5137-426B-B9FA-9602852CA421}.Debug|Any CPU.Build.0 = Debug|Any CPU
		{C2803183-5137-426B-B9FA-9602852CA421}.Release|Any CPU.ActiveCfg = Release|Any CPU
		{C2803183-5137-426B-B9FA-9602852CA421}.Release|Any CPU.Build.0 = Release|Any CPU
		{73C5AF51-141F-47F0-92EC-32C38ECE34CA}.Debug|Any CPU.ActiveCfg = Debug|Any CPU
		{73C5AF51-141F-47F0-92EC-32C38ECE34CA}.Debug|Any CPU.Build.0 = Debug|Any CPU
		{73C5AF51-141F-47F0-92EC-32C38ECE34CA}.Release|Any CPU.ActiveCfg = Release|Any CPU
		{73C5AF51-141F-47F0-92EC-32C38ECE34CA}.Release|Any CPU.Build.0 = Release|Any CPU
	EndGlobalSection
	GlobalSection(SolutionProperties) = preSolution
		HideSolutionNode = FALSE
	EndGlobalSection
	GlobalSection(ExtensibilityGlobals) = postSolution
		SolutionGuid = {B62F88B7-FA99-4EA7-9DB4-60C323B24EB6}
	EndGlobalSection
EndGlobal
